{
    "compileClasspath": {
        "commons-beanutils:commons-beanutils-core": {
            "locked": "1.8.3"
        }
    },
    "integTestCompileClasspath": {
        "com.netflix.nebula:nebula-test": {
            "locked": "10.1.0"
        },
        "commons-beanutils:commons-beanutils-core": {
            "locked": "1.8.3"
        },
        "org.apache.commons:commons-lang3": {
            "locked": "3.3.2"
        }
    },
    "integTestRuntimeClasspath": {
        "com.netflix.nebula:nebula-test": {
            "locked": "10.1.0"
        },
        "commons-beanutils:commons-beanutils-core": {
            "locked": "1.8.3"
        },
        "org.apache.commons:commons-lang3": {
            "locked": "3.3.2"
        }
    },
    "jacocoAgent": {
        "org.jacoco:org.jacoco.agent": {
            "locked": "0.8.7"
        }
    },
    "jacocoAnt": {
        "org.jacoco:org.jacoco.ant": {
            "locked": "0.8.7"
        }
    },
    "runtimeClasspath": {
        "commons-beanutils:commons-beanutils-core": {
            "locked": "1.8.3"
        }
    },
    "testCompileClasspath": {
        "com.netflix.nebula:nebula-test": {
            "locked": "10.1.0"
        },
        "commons-beanutils:commons-beanutils-core": {
            "locked": "1.8.3"
        },
        "org.apache.commons:commons-lang3": {
            "locked": "3.3.2"
        }
    },
    "testRuntimeClasspath": {
        "com.netflix.nebula:nebula-test": {
            "locked": "10.1.0"
        },
        "commons-beanutils:commons-beanutils-core": {
            "locked": "1.8.3"
        },
        "org.apache.commons:commons-lang3": {
            "locked": "3.3.2"
        }
    }
}